
Microsoft Visual Studio Solution File, Format Version 12.00
# Visual Studio Version 17
VisualStudioVersion = 17.5.002.0
MinimumVisualStudioVersion = 10.0.40219.1
Project("{9A19103F-16F7-4668-BE54-9A1E7A4F7556}") = "code-along-voting-application", "code-along-voting-application.csproj", "{E9EA53CE-DB1B-4320-997B-714483BE2D68}"
EndProject
Global
	GlobalSection(SolutionConfigurationPlatforms) = preSolution
		Debug|Any CPU = Debug|Any CPU
		Release|Any CPU = Release|Any CPU
	EndGlobalSection
	GlobalSection(ProjectConfigurationPlatforms) = postSolution
		{E9EA53CE-DB1B-4320-997B-714483BE2D68}.Debug|Any CPU.ActiveCfg = Debug|Any CPU
		{E9EA53CE-DB1B-4320-997B-714483BE2D68}.Debug|Any CPU.Build.0 = Debug|Any CPU
		{E9EA53CE-DB1B-4320-997B-714483BE2D68}.Release|Any CPU.ActiveCfg = Release|Any CPU
		{E9EA53CE-DB1B-4320-997B-714483BE2D68}.Release|Any CPU.Build.0 = Release|Any CPU
	EndGlobalSection
	GlobalSection(SolutionProperties) = preSolution
		HideSolutionNode = FALSE
	EndGlobalSection
	GlobalSection(ExtensibilityGlobals) = postSolution
		SolutionGuid = {19F17905-EF16-4663-987A-B9FA3DC0E1EE}
	EndGlobalSection
EndGlobal
